
Microsoft Visual Studio Solution File, Format Version 12.00
Project("{FAE04EC0-301F-11D3-BF4B-00C04F79EFBC}") = "Trie", "Trie.csproj", "{CD430110-98D4-4CDA-8F09-A9A1B3C4D033}"
EndProject
Global
	GlobalSection(SolutionConfigurationPlatforms) = preSolution
		Debug|Any CPU = Debug|Any CPU
		Release|Any CPU = Release|Any CPU
	EndGlobalSection
	GlobalSection(ProjectConfigurationPlatforms) = postSolution
		{CD430110-98D4-4CDA-8F09-A9A1B3C4D033}.Debug|Any CPU.ActiveCfg = Debug|Any CPU
		{CD430110-98D4-4CDA-8F09-A9A1B3C4D033}.Debug|Any CPU.Build.0 = Debug|Any CPU
		{CD430110-98D4-4CDA-8F09-A9A1B3C4D033}.Release|Any CPU.ActiveCfg = Release|Any CPU
		{CD430110-98D4-4CDA-8F09-A9A1B3C4D033}.Release|Any CPU.Build.0 = Release|Any CPU
	EndGlobalSection
EndGlobal
