
Microsoft Visual Studio Solution File, Format Version 12.00
Project("{FAE04EC0-301F-11D3-BF4B-00C04F79EFBC}") = "SealedType", "SealedType\SealedType.csproj", "{BCC3A922-BBFA-4CAA-8CD0-89C0D742AA75}"
EndProject
Global
	GlobalSection(SolutionConfigurationPlatforms) = preSolution
		Debug|Any CPU = Debug|Any CPU
		Release|Any CPU = Release|Any CPU
	EndGlobalSection
	GlobalSection(ProjectConfigurationPlatforms) = postSolution
		{BCC3A922-BBFA-4CAA-8CD0-89C0D742AA75}.Debug|Any CPU.ActiveCfg = Debug|Any CPU
		{BCC3A922-BBFA-4CAA-8CD0-89C0D742AA75}.Debug|Any CPU.Build.0 = Debug|Any CPU
		{BCC3A922-BBFA-4CAA-8CD0-89C0D742AA75}.Release|Any CPU.ActiveCfg = Release|Any CPU
		{BCC3A922-BBFA-4CAA-8CD0-89C0D742AA75}.Release|Any CPU.Build.0 = Release|Any CPU
	EndGlobalSection
EndGlobal
