
Microsoft Visual Studio Solution File, Format Version 12.00
# Visual Studio Version 17
VisualStudioVersion = 17.0.31903.59
MinimumVisualStudioVersion = 10.0.40219.1
Project("{9A19103F-16F7-4668-BE54-9A1E7A4F7556}") = "DistributedLock", "src\DistributedLock\DistributedLock.csproj", "{B9C981A1-FB22-4587-9071-8C63FCCB554E}"
EndProject
Project("{9A19103F-16F7-4668-BE54-9A1E7A4F7556}") = "DistributedLockTests", "test\DistributedLockTests\DistributedLockTests.csproj", "{81E58FC9-339C-4EE9-93C1-0DEFD335A20B}"
EndProject
Project("{9A19103F-16F7-4668-BE54-9A1E7A4F7556}") = "CacheProvider", "..\CacheProvider\src\CacheProvider\CacheProvider.csproj", "{737D1CC9-75BD-4AE5-A733-3A32039EBC6B}"
EndProject
Global
	GlobalSection(SolutionConfigurationPlatforms) = preSolution
		Debug|Any CPU = Debug|Any CPU
		Release|Any CPU = Release|Any CPU
	EndGlobalSection
	GlobalSection(ProjectConfigurationPlatforms) = postSolution
		{B9C981A1-FB22-4587-9071-8C63FCCB554E}.Debug|Any CPU.ActiveCfg = Debug|Any CPU
		{B9C981A1-FB22-4587-9071-8C63FCCB554E}.Debug|Any CPU.Build.0 = Debug|Any CPU
		{B9C981A1-FB22-4587-9071-8C63FCCB554E}.Release|Any CPU.ActiveCfg = Release|Any CPU
		{B9C981A1-FB22-4587-9071-8C63FCCB554E}.Release|Any CPU.Build.0 = Release|Any CPU
		{81E58FC9-339C-4EE9-93C1-0DEFD335A20B}.Debug|Any CPU.ActiveCfg = Debug|Any CPU
		{81E58FC9-339C-4EE9-93C1-0DEFD335A20B}.Debug|Any CPU.Build.0 = Debug|Any CPU
		{81E58FC9-339C-4EE9-93C1-0DEFD335A20B}.Release|Any CPU.ActiveCfg = Release|Any CPU
		{81E58FC9-339C-4EE9-93C1-0DEFD335A20B}.Release|Any CPU.Build.0 = Release|Any CPU
		{737D1CC9-75BD-4AE5-A733-3A32039EBC6B}.Debug|Any CPU.ActiveCfg = Debug|Any CPU
		{737D1CC9-75BD-4AE5-A733-3A32039EBC6B}.Debug|Any CPU.Build.0 = Debug|Any CPU
		{737D1CC9-75BD-4AE5-A733-3A32039EBC6B}.Release|Any CPU.ActiveCfg = Release|Any CPU
		{737D1CC9-75BD-4AE5-A733-3A32039EBC6B}.Release|Any CPU.Build.0 = Release|Any CPU
	EndGlobalSection
	GlobalSection(SolutionProperties) = preSolution
		HideSolutionNode = FALSE
	EndGlobalSection
EndGlobal
