
Microsoft Visual Studio Solution File, Format Version 12.00
Project("{FAE04EC0-301F-11D3-BF4B-00C04F79EFBC}") = "EventHubSender", "EventHubSender\EventHubSender.csproj", "{A504CCF1-171C-4A78-B5D3-18CDB6A24E19}"
EndProject
Project("{FAE04EC0-301F-11D3-BF4B-00C04F79EFBC}") = "EventHubReceiver", "EventHubReceiver\EventHubReceiver.csproj", "{537E2091-6872-4A56-9576-75097183874D}"
EndProject
Project("{FAE04EC0-301F-11D3-BF4B-00C04F79EFBC}") = "EventHubPartitionReceiver", "EventHubPartitionReceiver\EventHubPartitionReceiver.csproj", "{28DDB16E-B1BD-4F4C-BDF9-A17B43DC46E9}"
EndProject
Global
	GlobalSection(SolutionConfigurationPlatforms) = preSolution
		Debug|Any CPU = Debug|Any CPU
		Release|Any CPU = Release|Any CPU
	EndGlobalSection
	GlobalSection(ProjectConfigurationPlatforms) = postSolution
		{A504CCF1-171C-4A78-B5D3-18CDB6A24E19}.Debug|Any CPU.ActiveCfg = Debug|Any CPU
		{A504CCF1-171C-4A78-B5D3-18CDB6A24E19}.Debug|Any CPU.Build.0 = Debug|Any CPU
		{A504CCF1-171C-4A78-B5D3-18CDB6A24E19}.Release|Any CPU.ActiveCfg = Release|Any CPU
		{A504CCF1-171C-4A78-B5D3-18CDB6A24E19}.Release|Any CPU.Build.0 = Release|Any CPU
		{537E2091-6872-4A56-9576-75097183874D}.Debug|Any CPU.ActiveCfg = Debug|Any CPU
		{537E2091-6872-4A56-9576-75097183874D}.Debug|Any CPU.Build.0 = Debug|Any CPU
		{537E2091-6872-4A56-9576-75097183874D}.Release|Any CPU.ActiveCfg = Release|Any CPU
		{537E2091-6872-4A56-9576-75097183874D}.Release|Any CPU.Build.0 = Release|Any CPU
		{28DDB16E-B1BD-4F4C-BDF9-A17B43DC46E9}.Debug|Any CPU.ActiveCfg = Debug|Any CPU
		{28DDB16E-B1BD-4F4C-BDF9-A17B43DC46E9}.Debug|Any CPU.Build.0 = Debug|Any CPU
		{28DDB16E-B1BD-4F4C-BDF9-A17B43DC46E9}.Release|Any CPU.ActiveCfg = Release|Any CPU
		{28DDB16E-B1BD-4F4C-BDF9-A17B43DC46E9}.Release|Any CPU.Build.0 = Release|Any CPU
	EndGlobalSection
EndGlobal
